dependencies:
  idf:
    source:
      type: idf
    version: 5.5.2
  jbrilha/esp_lcd_st7789:
    component_hash: 95b5a7ed16de15546d37d5ab4abce3b1d8b9ed418ec8b6d06ac8890f082e4188
    dependencies: []
    source:
      registry_url: https://components.espressif.com/
      type: service
    version: 1.0.2
  lvgl/lvgl:
    component_hash: 17e68bfd21f0edf4c3ee838e2273da840bf3930e5dbc3bfa6c1190c3aed41f9f
    dependencies: []
    source:
      registry_url: https://components.espressif.com/
      type: service
    version: 9.4.0
direct_dependencies:
- jbrilha/esp_lcd_st7789
- lvgl/lvgl
manifest_hash: 1f84c39cdb461966ecb812b1a6e6b598d1891afbb7283784a6a078a9a550a95a
target: esp32c3
version: 2.0.0
